
Microsoft Visual Studio Solution File, Format Version 12.00
# Visual Studio 15
VisualStudioVersion = 15.0.27130.2027
MinimumVisualStudioVersion = 10.0.40219.1
Project("{9A19103F-16F7-4668-BE54-9A1E7A4F7556}") = "BitBayApiManager", "BitBayApiManager\BitBayApiManager.csproj", "{BE8FC7D1-6FC3-4F3E-9609-4D9E0507FF8B}"
EndProject
Project("{9A19103F-16F7-4668-BE54-9A1E7A4F7556}") = "BitBayCommon", "BitBayCommon\BitBayCommon.csproj", "{C3F128AA-464B-4448-A846-8E934D46C20B}"
EndProject
Project("{9A19103F-16F7-4668-BE54-9A1E7A4F7556}") = "BitBayCurrencies", "BitBayCurrencies\BitBayCurrencies.csproj", "{D28ACEDB-DFA5-49C4-943D-CB40309EC73C}"
EndProject
Project("{9A19103F-16F7-4668-BE54-9A1E7A4F7556}") = "BitBayMakler", "BitBayMakler\BitBayMakler.csproj", "{B9174829-F6FE-4840-B5C1-28C998DBC0F1}"
EndProject
Project("{9A19103F-16F7-4668-BE54-9A1E7A4F7556}") = "BitBayPublicApi", "BitBayPublicApi\BitBayPublicApi.csproj", "{5133B530-A5A5-4D22-B3DC-D4E00486C6B6}"
EndProject
Project("{9A19103F-16F7-4668-BE54-9A1E7A4F7556}") = "BitBayTradesInfo", "BitBayTradesInfo\BitBayTradesInfo.csproj", "{89E5684F-F0C6-4EF7-8C2B-1F54025D4164}"
EndProject
Project("{9A19103F-16F7-4668-BE54-9A1E7A4F7556}") = "BitBayTradingTeacher", "BitBayTradingTeacher\BitBayTradingTeacher.csproj", "{2EEF446E-8246-4BB8-92CC-ABCD7E018A54}"
EndProject
Global
	GlobalSection(SolutionConfigurationPlatforms) = preSolution
		Debug|Any CPU = Debug|Any CPU
		Release|Any CPU = Release|Any CPU
	EndGlobalSection
	GlobalSection(ProjectConfigurationPlatforms) = postSolution
		{BE8FC7D1-6FC3-4F3E-9609-4D9E0507FF8B}.Debug|Any CPU.ActiveCfg = Debug|Any CPU
		{BE8FC7D1-6FC3-4F3E-9609-4D9E0507FF8B}.Debug|Any CPU.Build.0 = Debug|Any CPU
		{BE8FC7D1-6FC3-4F3E-9609-4D9E0507FF8B}.Release|Any CPU.ActiveCfg = Release|Any CPU
		{BE8FC7D1-6FC3-4F3E-9609-4D9E0507FF8B}.Release|Any CPU.Build.0 = Release|Any CPU
		{C3F128AA-464B-4448-A846-8E934D46C20B}.Debug|Any CPU.ActiveCfg = Debug|Any CPU
		{C3F128AA-464B-4448-A846-8E934D46C20B}.Debug|Any CPU.Build.0 = Debug|Any CPU
		{C3F128AA-464B-4448-A846-8E934D46C20B}.Release|Any CPU.ActiveCfg = Release|Any CPU
		{C3F128AA-464B-4448-A846-8E934D46C20B}.Release|Any CPU.Build.0 = Release|Any CPU
		{D28ACEDB-DFA5-49C4-943D-CB40309EC73C}.Debug|Any CPU.ActiveCfg = Debug|Any CPU
		{D28ACEDB-DFA5-49C4-943D-CB40309EC73C}.Debug|Any CPU.Build.0 = Debug|Any CPU
		{D28ACEDB-DFA5-49C4-943D-CB40309EC73C}.Release|Any CPU.ActiveCfg = Release|Any CPU
		{D28ACEDB-DFA5-49C4-943D-CB40309EC73C}.Release|Any CPU.Build.0 = Release|Any CPU
		{B9174829-F6FE-4840-B5C1-28C998DBC0F1}.Debug|Any CPU.ActiveCfg = Debug|Any CPU
		{B9174829-F6FE-4840-B5C1-28C998DBC0F1}.Debug|Any CPU.Build.0 = Debug|Any CPU
		{B9174829-F6FE-4840-B5C1-28C998DBC0F1}.Release|Any CPU.ActiveCfg = Release|Any CPU
		{B9174829-F6FE-4840-B5C1-28C998DBC0F1}.Release|Any CPU.Build.0 = Release|Any CPU
		{5133B530-A5A5-4D22-B3DC-D4E00486C6B6}.Debug|Any CPU.ActiveCfg = Debug|Any CPU
		{5133B530-A5A5-4D22-B3DC-D4E00486C6B6}.Debug|Any CPU.Build.0 = Debug|Any CPU
		{5133B530-A5A5-4D22-B3DC-D4E00486C6B6}.Release|Any CPU.ActiveCfg = Release|Any CPU
		{5133B530-A5A5-4D22-B3DC-D4E00486C6B6}.Release|Any CPU.Build.0 = Release|Any CPU
		{89E5684F-F0C6-4EF7-8C2B-1F54025D4164}.Debug|Any CPU.ActiveCfg = Debug|Any CPU
		{89E5684F-F0C6-4EF7-8C2B-1F54025D4164}.Debug|Any CPU.Build.0 = Debug|Any CPU
		{89E5684F-F0C6-4EF7-8C2B-1F54025D4164}.Release|Any CPU.ActiveCfg = Release|Any CPU
		{89E5684F-F0C6-4EF7-8C2B-1F54025D4164}.Release|Any CPU.Build.0 = Release|Any CPU
		{2EEF446E-8246-4BB8-92CC-ABCD7E018A54}.Debug|Any CPU.ActiveCfg = Debug|Any CPU
		{2EEF446E-8246-4BB8-92CC-ABCD7E018A54}.Debug|Any CPU.Build.0 = Debug|Any CPU
		{2EEF446E-8246-4BB8-92CC-ABCD7E018A54}.Release|Any CPU.ActiveCfg = Release|Any CPU
		{2EEF446E-8246-4BB8-92CC-ABCD7E018A54}.Release|Any CPU.Build.0 = Release|Any CPU
	EndGlobalSection
	GlobalSection(SolutionProperties) = preSolution
		HideSolutionNode = FALSE
	EndGlobalSection
	GlobalSection(ExtensibilityGlobals) = postSolution
		SolutionGuid = {C9570415-F319-4151-BDA0-0FE7054389E6}
	EndGlobalSection
EndGlobal
